
Microsoft Visual Studio Solution File, Format Version 12.00
# Visual Studio 15
VisualStudioVersion = 15.0.27703.2000
MinimumVisualStudioVersion = 10.0.40219.1
Project("{FAE04EC0-301F-11D3-BF4B-00C04F79EFBC}") = "dmtipacs-api", "dmtipacs-api\dmtipacs-api.csproj", "{8C708104-0F09-4652-9078-FED27B5F588C}"
EndProject
Global
	GlobalSection(SolutionConfigurationPlatforms) = preSolution
		Debug|Any CPU = Debug|Any CPU
		Release|Any CPU = Release|Any CPU
	EndGlobalSection
	GlobalSection(ProjectConfigurationPlatforms) = postSolution
		{8C708104-0F09-4652-9078-FED27B5F588C}.Debug|Any CPU.ActiveCfg = Debug|Any CPU
		{8C708104-0F09-4652-9078-FED27B5F588C}.Debug|Any CPU.Build.0 = Debug|Any CPU
		{8C708104-0F09-4652-9078-FED27B5F588C}.Release|Any CPU.ActiveCfg = Release|Any CPU
		{8C708104-0F09-4652-9078-FED27B5F588C}.Release|Any CPU.Build.0 = Release|Any CPU
	EndGlobalSection
	GlobalSection(SolutionProperties) = preSolution
		HideSolutionNode = FALSE
	EndGlobalSection
	GlobalSection(ExtensibilityGlobals) = postSolution
		SolutionGuid = {B0D3CE1C-50B9-4CFF-ABC7-494628621A88}
	EndGlobalSection
EndGlobal
